
Microsoft Visual Studio Solution File, Format Version 12.00
# Visual Studio Version 17
VisualStudioVersion = 17.7.34024.191
MinimumVisualStudioVersion = 10.0.40219.1
Project("{FAE04EC0-301F-11D3-BF4B-00C04F79EFBC}") = "DataAccess", "DataAccess\DataAccess.csproj", "{7DCCA98D-C395-42B0-826D-F138B20634FB}"
EndProject
Project("{FAE04EC0-301F-11D3-BF4B-00C04F79EFBC}") = "BusinessObject", "BusinessObject\BusinessObject.csproj", "{21B9EE6E-BA81-45FC-8329-3714D46E64B3}"
EndProject
Project("{FAE04EC0-301F-11D3-BF4B-00C04F79EFBC}") = "eStoreAPI", "eStoreAPI\eStoreAPI.csproj", "{31E9D12E-37A2-4353-807D-E335A0ABD3E3}"
EndProject
Global
	GlobalSection(SolutionConfigurationPlatforms) = preSolution
		Debug|Any CPU = Debug|Any CPU
		Release|Any CPU = Release|Any CPU
	EndGlobalSection
	GlobalSection(ProjectConfigurationPlatforms) = postSolution
		{7DCCA98D-C395-42B0-826D-F138B20634FB}.Debug|Any CPU.ActiveCfg = Debug|Any CPU
		{7DCCA98D-C395-42B0-826D-F138B20634FB}.Debug|Any CPU.Build.0 = Debug|Any CPU
		{7DCCA98D-C395-42B0-826D-F138B20634FB}.Release|Any CPU.ActiveCfg = Release|Any CPU
		{7DCCA98D-C395-42B0-826D-F138B20634FB}.Release|Any CPU.Build.0 = Release|Any CPU
		{21B9EE6E-BA81-45FC-8329-3714D46E64B3}.Debug|Any CPU.ActiveCfg = Debug|Any CPU
		{21B9EE6E-BA81-45FC-8329-3714D46E64B3}.Debug|Any CPU.Build.0 = Debug|Any CPU
		{21B9EE6E-BA81-45FC-8329-3714D46E64B3}.Release|Any CPU.ActiveCfg = Release|Any CPU
		{21B9EE6E-BA81-45FC-8329-3714D46E64B3}.Release|Any CPU.Build.0 = Release|Any CPU
		{31E9D12E-37A2-4353-807D-E335A0ABD3E3}.Debug|Any CPU.ActiveCfg = Debug|Any CPU
		{31E9D12E-37A2-4353-807D-E335A0ABD3E3}.Debug|Any CPU.Build.0 = Debug|Any CPU
		{31E9D12E-37A2-4353-807D-E335A0ABD3E3}.Release|Any CPU.ActiveCfg = Release|Any CPU
		{31E9D12E-37A2-4353-807D-E335A0ABD3E3}.Release|Any CPU.Build.0 = Release|Any CPU
	EndGlobalSection
	GlobalSection(SolutionProperties) = preSolution
		HideSolutionNode = FALSE
	EndGlobalSection
	GlobalSection(ExtensibilityGlobals) = postSolution
		SolutionGuid = {F68297A8-BFE4-4199-A552-1B1712745817}
	EndGlobalSection
EndGlobal
